// !$*UTF8*$!
{
	archiveVersion = 1;
	classes = {
	};
	objectVersion = 56;
	objects = {

/* Begin PBXBuildFile section */
		F6AD9E872A395AA100B9C6FB /* AppDelegate.swift in Sources */ = {isa = PBXBuildFile; fileRef = F6AD9E862A395AA100B9C6FB /* AppDelegate.swift */; };
		F6AD9E892A395AA100B9C6FB /* SceneDelegate.swift in Sources */ = {isa = PBXBuildFile; fileRef = F6AD9E882A395AA100B9C6FB /* SceneDelegate.swift */; };
		F6AD9E8B2A395AA100B9C6FB /* ViewController.swift in Sources */ = {isa = PBXBuildFile; fileRef = F6AD9E8A2A395AA100B9C6FB /* ViewController.swift */; };
		F6AD9E8E2A395AA100B9C6FB /* Main.storyboard in Resources */ = {isa = PBXBuildFile; fileRef = F6AD9E8C2A395AA100B9C6FB /* Main.storyboard */; };
		F6AD9E902A395AA200B9C6FB /* Assets.xcassets in Resources */ = {isa = PBXBuildFile; fileRef = F6AD9E8F2A395AA200B9C6FB /* Assets.xcassets */; };
		F6AD9E932A395AA200B9C6FB /* LaunchScreen.storyboard in Resources */ = {isa = PBXBuildFile; fileRef = F6AD9E912A395AA200B9C6FB /* LaunchScreen.storyboard */; };
		F6AD9E9B2A395ACE00B9C6FB /* foodObject.swift in Sources */ = {isa = PBXBuildFile; fileRef = F6AD9E9A2A395ACE00B9C6FB /* foodObject.swift */; };
/* End PBXBuildFile section */

/* Begin PBXFileReference section */
		F6AD9E832A395AA100B9C6FB /* ExpirationTracker.app */ = {isa = PBXFileReference; explicitFileType = wrapper.application; includeInIndex = 0; path = ExpirationTracker.app; sourceTree = BUILT_PRODUCTS_DIR; };
		F6AD9E862A395AA100B9C6FB /* AppDelegate.swift */ = {isa = PBXFileReference; lastKnownFileType = sourcecode.swift; path = AppDelegate.swift; sourceTree = "<group>"; };
		F6AD9E882A395AA100B9C6FB /* SceneDelegate.swift */ = {isa = PBXFileReference; lastKnownFileType = sourcecode.swift; path = SceneDelegate.swift; sourceTree = "<group>"; };
		F6AD9E8A2A395AA100B9C6FB /* ViewController.swift */ = {isa = PBXFileReference; lastKnownFileType = sourcecode.swift; path = ViewController.swift; sourceTree = "<group>"; };
		F6AD9E8D2A395AA100B9C6FB /* Base */ = {isa = PBXFileReference; lastKnownFileType = file.storyboard; name = Base; path = Base.lproj/Main.storyboard; sourceTree = "<group>"; };
		F6AD9E8F2A395AA200B9C6FB /* Assets.xcassets */ = {isa = PBXFileReference; lastKnownFileType = folder.assetcatalog; path = Assets.xcassets; sourceTree = "<group>"; };
		F6AD9E922A395AA200B9C6FB /* Base */ = {isa = PBXFileReference; lastKnownFileType = file.storyboard; name = Base; path = Base.lproj/LaunchScreen.storyboard; sourceTree = "<group>"; };
		F6AD9E942A395AA200B9C6FB /* Info.plist */ = {isa = PBXFileReference; lastKnownFileType = text.plist.xml; path = Info.plist; sourceTree = "<group>"; };
		F6AD9E9A2A395ACE00B9C6FB /* foodObject.swift */ = {isa = PBXFileReference; lastKnownFileType = sourcecode.swift; path = foodObject.swift; sourceTree = "<group>"; };
/* End PBXFileReference section */

/* Begin PBXFrameworksBuildPhase section */
		F6AD9E802A395AA100B9C6FB /* Frameworks */ = {
			isa = PBXFrameworksBuildPhase;
			buildActionMask = 2147483647;
			files = (
			);
			runOnlyForDeploymentPostprocessing = 0;
		};
/* End PBXFrameworksBuildPhase section */

/* Begin PBXGroup section */
		F6AD9E7A2A395AA100B9C6FB = {
			isa = PBXGroup;
			children = (
				F6AD9E852A395AA100B9C6FB /* ExpirationTracker */,
				F6AD9E842A395AA100B9C6FB /* Products */,
			);
			sourceTree = "<group>";
		};
		F6AD9E842A395AA100B9C6FB /* Products */ = {
			isa = PBXGroup;
			children = (
				F6AD9E832A395AA100B9C6FB /* ExpirationTracker.app */,
			);
			name = Products;
			sourceTree = "<group>";
		};
		F6AD9E852A395AA100B9C6FB /* ExpirationTracker */ = {
			isa = PBXGroup;
			children = (
				F6AD9E862A395AA100B9C6FB /* AppDelegate.swift */,
				F6AD9E882A395AA100B9C6FB /* SceneDelegate.swift */,
				F6AD9E8A2A395AA100B9C6FB /* ViewController.swift */,
				F6AD9E9A2A395ACE00B9C6FB /* foodObject.swift */,
				F6AD9E8C2A395AA100B9C6FB /* Main.storyboard */,
				F6AD9E8F2A395AA200B9C6FB /* Assets.xcassets */,
				F6AD9E912A395AA200B9C6FB /* LaunchScreen.storyboard */,
				F6AD9E942A395AA200B9C6FB /* Info.plist */,
			);
			path = ExpirationTracker;
			sourceTree = "<group>";
		};
/* End PBXGroup section */

/* Begin PBXNativeTarget section */
		F6AD9E822A395AA100B9C6FB /* ExpirationTracker */ = {
			isa = PBXNativeTarget;
			buildConfigurationList = F6AD9E972A395AA200B9C6FB /* Build configuration list for PBXNativeTarget "ExpirationTracker" */;
			buildPhases = (
				F6AD9E7F2A395AA100B9C6FB /* Sources */,
				F6AD9E802A395AA100B9C6FB /* Frameworks */,
				F6AD9E812A395AA100B9C6FB /* Resources */,
			);
			buildRules = (
			);
			dependencies = (
			);
			name = ExpirationTracker;
			productName = ExpirationTracker;
			productReference = F6AD9E832A395AA100B9C6FB /* ExpirationTracker.app */;
			productType = "com.apple.product-type.application";
		};
/* End PBXNativeTarget section */

/* Begin PBXProject section */
		F6AD9E7B2A395AA100B9C6FB /* Project object */ = {
			isa = PBXProject;
			attributes = {
				BuildIndependentTargetsInParallel = 1;
				LastSwiftUpdateCheck = 1430;
				LastUpgradeCheck = 1430;
				TargetAttributes = {
					F6AD9E822A395AA100B9C6FB = {
						CreatedOnToolsVersion = 14.3.1;
					};
				};
			};
			buildConfigurationList = F6AD9E7E2A395AA100B9C6FB /* Build configuration list for PBXProject "ExpirationTracker" */;
			compatibilityVersion = "Xcode 14.0";
			developmentRegion = en;
			hasScannedForEncodings = 0;
			knownRegions = (
				en,
				Base,
			);
			mainGroup = F6AD9E7A2A395AA100B9C6FB;
			productRefGroup = F6AD9E842A395AA100B9C6FB /* Products */;
			projectDirPath = "";
			projectRoot = "";
			targets = (
				F6AD9E822A395AA100B9C6FB /* ExpirationTracker */,
			);
		};
/* End PBXProject section */

/* Begin PBXResourcesBuildPhase section */
		F6AD9E812A395AA100B9C6FB /* Resources */ = {
			isa = PBXResourcesBuildPhase;
			buildActionMask = 2147483647;
			files = (
				F6AD9E932A395AA200B9C6FB /* LaunchScreen.storyboard in Resources */,
				F6AD9E902A395AA200B9C6FB /* Assets.xcassets in Resources */,
				F6AD9E8E2A395AA100B9C6FB /* Main.storyboard in Resources */,
			);
			runOnlyForDeploymentPostprocessing = 0;
		};
/* End PBXResourcesBuildPhase section */

/* Begin PBXSourcesBuildPhase section */
		F6AD9E7F2A395AA100B9C6FB /* Sources */ = {
			isa = PBXSourcesBuildPhase;
			buildActionMask = 2147483647;
			files = (
				F6AD9E8B2A395AA100B9C6FB /* ViewController.swift in Sources */,
				F6AD9E872A395AA100B9C6FB /* AppDelegate.swift in Sources */,
				F6AD9E9B2A395ACE00B9C6FB /* foodObject.swift in Sources */,
				F6AD9E892A395AA100B9C6FB /* SceneDelegate.swift in Sources */,
			);
			runOnlyForDeploymentPostprocessing = 0;
		};
/* End PBXSourcesBuildPhase section */

/* Begin PBXVariantGroup section */
		F6AD9E8C2A395AA100B9C6FB /* Main.storyboard */ = {
			isa = PBXVariantGroup;
			children = (
				F6AD9E8D2A395AA100B9C6FB /* Base */,
			);
			name = Main.storyboard;
			sourceTree = "<group>";
		};
		F6AD9E912A395AA200B9C6FB /* LaunchScreen.storyboard */ = {
			isa = PBXVariantGroup;
			children = (
				F6AD9E922A395AA200B9C6FB /* Base */,
			);
			name = LaunchScreen.storyboard;
			sourceTree = "<group>";
		};
/* End PBXVariantGroup section */

/* Begin XCBuildConfiguration section */
		F6AD9E952A395AA200B9C6FB /* Debug */ = {
			isa = XCBuildConfiguration;
			buildSettings = {
				ALWAYS_SEARCH_USER_PATHS = NO;
				CLANG_ANALYZER_NONNULL = YES;
				CLANG_ANALYZER_NUMBER_OBJECT_CONVERSION = YES_AGGRESSIVE;
				CLANG_CXX_LANGUAGE_STANDARD = "gnu++20";
				CLANG_ENABLE_MODULES = YES;
				CLANG_ENABLE_OBJC_ARC = YES;
				CLANG_ENABLE_OBJC_WEAK = YES;
				CLANG_WARN_BLOCK_CAPTURE_AUTORELEASING = YES;
				CLANG_WARN_BOOL_CONVERSION = YES;
				CLANG_WARN_COMMA = YES;
				CLANG_WARN_CONSTANT_CONVERSION = YES;
				CLANG_WARN_DEPRECATED_OBJC_IMPLEMENTATIONS = YES;
				CLANG_WARN_DIRECT_OBJC_ISA_USAGE = YES_ERROR;
				CLANG_WARN_DOCUMENTATION_COMMENTS = YES;
				CLANG_WARN_EMPTY_BODY = YES;
				CLANG_WARN_ENUM_CONVERSION = YES;
				CLANG_WARN_INFINITE_RECURSION = YES;
				CLANG_WARN_INT_CONVERSION = YES;
				CLANG_WARN_NON_LITERAL_NULL_CONVERSION = YES;
				CLANG_WARN_OBJC_IMPLICIT_RETAIN_SELF = YES;
				CLANG_WARN_OBJC_LITERAL_CONVERSION = YES;
				CLANG_WARN_OBJC_ROOT_CLASS = YES_ERROR;
				CLANG_WARN_QUOTED_INCLUDE_IN_FRAMEWORK_HEADER = YES;
				CLANG_WARN_RANGE_LOOP_ANALYSIS = YES;
				CLANG_WARN_STRICT_PROTOTYPES = YES;
				CLANG_WARN_SUSPICIOUS_MOVE = YES;
				CLANG_WARN_UNGUARDED_AVAILABILITY = YES_AGGRESSIVE;
				CLANG_WARN_UNREACHABLE_CODE = YES;
				CLANG_WARN__DUPLICATE_METHOD_MATCH = YES;
				COPY_PHASE_STRIP = NO;
				DEBUG_INFORMATION_FORMAT = dwarf;
				ENABLE_STRICT_OBJC_MSGSEND = YES;
				ENABLE_TESTABILITY = YES;
				GCC_C_LANGUAGE_STANDARD = gnu11;
				GCC_DYNAMIC_NO_PIC = NO;
				GCC_NO_COMMON_BLOCKS = YES;
				GCC_OPTIMIZATION_LEVEL = 0;
				GCC_PREPROCESSOR_DEFINITIONS = (
					"DEBUG=1",
					"$(inherited)",
				);
				GCC_WARN_64_TO_32_BIT_CONVERSION = YES;
				GCC_WARN_ABOUT_RETURN_TYPE = YES_ERROR;
				GCC_WARN_UNDECLARED_SELECTOR = YES;
				GCC_WARN_UNINITIALIZED_AUTOS = YES_AGGRESSIVE;
				GCC_WARN_UNUSED_FUNCTION = YES;
				GCC_WARN_UNUSED_VARIABLE = YES;
				IPHONEOS_DEPLOYMENT_TARGET = 16.4;
				MTL_ENABLE_DEBUG_INFO = INCLUDE_SOURCE;
				MTL_FAST_MATH = YES;
				ONLY_ACTIVE_ARCH = YES;
				SDKROOT = iphoneos;
				SWIFT_ACTIVE_COMPILATION_CONDITIONS = DEBUG;
				SWIFT_OPTIMIZATION_LEVEL = "-Onone";
			};
			name = Debug;
		};
		F6AD9E962A395AA200B9C6FB /* Release */ = {
			isa = XCBuildConfiguration;
			buildSettings = {
				ALWAYS_SEARCH_USER_PATHS = NO;
				CLANG_ANALYZER_NONNULL = YES;
				CLANG_ANALYZER_NUMBER_OBJECT_CONVERSION = YES_AGGRESSIVE;
				CLANG_CXX_LANGUAGE_STANDARD = "gnu++20";
				CLANG_ENABLE_MODULES = YES;
				CLANG_ENABLE_OBJC_ARC = YES;
				CLANG_ENABLE_OBJC_WEAK = YES;
				CLANG_WARN_BLOCK_CAPTURE_AUTORELEASING = YES;
				CLANG_WARN_BOOL_CONVERSION = YES;
				CLANG_WARN_COMMA = YES;
				CLANG_WARN_CONSTANT_CONVERSION = YES;
				CLANG_WARN_DEPRECATED_OBJC_IMPLEMENTATIONS = YES;
				CLANG_WARN_DIRECT_OBJC_ISA_USAGE = YES_ERROR;
				CLANG_WARN_DOCUMENTATION_COMMENTS = YES;
				CLANG_WARN_EMPTY_BODY = YES;
				CLANG_WARN_ENUM_CONVERSION = YES;
				CLANG_WARN_INFINITE_RECURSION = YES;
				CLANG_WARN_INT_CONVERSION = YES;
				CLANG_WARN_NON_LITERAL_NULL_CONVERSION = YES;
				CLANG_WARN_OBJC_IMPLICIT_RETAIN_SELF = YES;
				CLANG_WARN_OBJC_LITERAL_CONVERSION = YES;
				CLANG_WARN_OBJC_ROOT_CLASS = YES_ERROR;
				CLANG_WARN_QUOTED_INCLUDE_IN_FRAMEWORK_HEADER = YES;
				CLANG_WARN_RANGE_LOOP_ANALYSIS = YES;
				CLANG_WARN_STRICT_PROTOTYPES = YES;
				CLANG_WARN_SUSPICIOUS_MOVE = YES;
				CLANG_WARN_UNGUARDED_AVAILABILITY = YES_AGGRESSIVE;
				CLANG_WARN_UNREACHABLE_CODE = YES;
				CLANG_WARN__DUPLICATE_METHOD_MATCH = YES;
				COPY_PHASE_STRIP = NO;
				DEBUG_INFORMATION_FORMAT = "dwarf-with-dsym";
				ENABLE_NS_ASSERTIONS = NO;
				ENABLE_STRICT_OBJC_MSGSEND = YES;
				GCC_C_LANGUAGE_STANDARD = gnu11;
				GCC_NO_COMMON_BLOCKS = YES;
				GCC_WARN_64_TO_32_BIT_CONVERSION = YES;
				GCC_WARN_ABOUT_RETURN_TYPE = YES_ERROR;
				GCC_WARN_UNDECLARED_SELECTOR = YES;
				GCC_WARN_UNINITIALIZED_AUTOS = YES_AGGRESSIVE;
				GCC_WARN_UNUSED_FUNCTION = YES;
				GCC_WARN_UNUSED_VARIABLE = YES;
				IPHONEOS_DEPLOYMENT_TARGET = 16.4;
				MTL_ENABLE_DEBUG_INFO = NO;
				MTL_FAST_MATH = YES;
				SDKROOT = iphoneos;
				SWIFT_COMPILATION_MODE = wholemodule;
				SWIFT_OPTIMIZATION_LEVEL = "-O";
				VALIDATE_PRODUCT = YES;
			};
			name = Release;
		};
		F6AD9E982A395AA200B9C6FB /* Debug */ = {
			isa = XCBuildConfiguration;
			buildSettings = {
				ASSETCATALOG_COMPILER_APPICON_NAME = AppIcon;
				ASSETCATALOG_COMPILER_GLOBAL_ACCENT_COLOR_NAME = AccentColor;
				CODE_SIGN_STYLE = Automatic;
				CURRENT_PROJECT_VERSION = 1;
				DEVELOPMENT_TEAM = LP38YNW9SG;
				GENERATE_INFOPLIST_FILE = YES;
				INFOPLIST_FILE = ExpirationTracker/Info.plist;
				INFOPLIST_KEY_UIApplicationSupportsIndirectInputEvents = YES;
				INFOPLIST_KEY_UILaunchStoryboardName = LaunchScreen;
				INFOPLIST_KEY_UIMainStoryboardFile = Main;
				INFOPLIST_KEY_UISupportedInterfaceOrientations_iPad = "UIInterfaceOrientationPortrait UIInterfaceOrientationPortraitUpsideDown UIInterfaceOrientationLandscapeLeft UIInterfaceOrientationLandscapeRight";
				INFOPLIST_KEY_UISupportedInterfaceOrientations_iPhone = "UIInterfaceOrientationPortrait UIInterfaceOrientationLandscapeLeft UIInterfaceOrientationLandscapeRight";
				LD_RUNPATH_SEARCH_PATHS = (
					"$(inherited)",
					"@executable_path/Frameworks",
				);
				MARKETING_VERSION = 1.0;
				PRODUCT_BUNDLE_IDENTIFIER = io.jonathan.ExpirationTracker;
				PRODUCT_NAME = "$(TARGET_NAME)";
				SWIFT_EMIT_LOC_STRINGS = YES;
				SWIFT_VERSION = 5.0;
				TARGETED_DEVICE_FAMILY = "1,2";
			};
			name = Debug;
		};
		F6AD9E992A395AA200B9C6FB /* Release */ = {
			isa = XCBuildConfiguration;
			buildSettings = {
				ASSETCATALOG_COMPILER_APPICON_NAME = AppIcon;
				ASSETCATALOG_COMPILER_GLOBAL_ACCENT_COLOR_NAME = AccentColor;
				CODE_SIGN_STYLE = Automatic;
				CURRENT_PROJECT_VERSION = 1;
				DEVELOPMENT_TEAM = LP38YNW9SG;
				GENERATE_INFOPLIST_FILE = YES;
				INFOPLIST_FILE = ExpirationTracker/Info.plist;
				INFOPLIST_KEY_UIApplicationSupportsIndirectInputEvents = YES;
				INFOPLIST_KEY_UILaunchStoryboardName = LaunchScreen;
				INFOPLIST_KEY_UIMainStoryboardFile = Main;
				INFOPLIST_KEY_UISupportedInterfaceOrientations_iPad = "UIInterfaceOrientationPortrait UIInterfaceOrientationPortraitUpsideDown UIInterfaceOrientationLandscapeLeft UIInterfaceOrientationLandscapeRight";
				INFOPLIST_KEY_UISupportedInterfaceOrientations_iPhone = "UIInterfaceOrientationPortrait UIInterfaceOrientationLandscapeLeft UIInterfaceOrientationLandscapeRight";
				LD_RUNPATH_SEARCH_PATHS = (
					"$(inherited)",
					"@executable_path/Frameworks",
				);
				MARKETING_VERSION = 1.0;
				PRODUCT_BUNDLE_IDENTIFIER = io.jonathan.ExpirationTracker;
				PRODUCT_NAME = "$(TARGET_NAME)";
				SWIFT_EMIT_LOC_STRINGS = YES;
				SWIFT_VERSION = 5.0;
				TARGETED_DEVICE_FAMILY = "1,2";
			};
			name = Release;
		};
/* End XCBuildConfiguration section */

/* Begin XCConfigurationList section */
		F6AD9E7E2A395AA100B9C6FB /* Build configuration list for PBXProject "ExpirationTracker" */ = {
			isa = XCConfigurationList;
			buildConfigurations = (
				F6AD9E952A395AA200B9C6FB /* Debug */,
				F6AD9E962A395AA200B9C6FB /* Release */,
			);
			defaultConfigurationIsVisible = 0;
			defaultConfigurationName = Release;
		};
		F6AD9E972A395AA200B9C6FB /* Build configuration list for PBXNativeTarget "ExpirationTracker" */ = {
			isa = XCConfigurationList;
			buildConfigurations = (
				F6AD9E982A395AA200B9C6FB /* Debug */,
				F6AD9E992A395AA200B9C6FB /* Release */,
			);
			defaultConfigurationIsVisible = 0;
			defaultConfigurationName = Release;
		};
/* End XCConfigurationList section */
	};
	rootObject = F6AD9E7B2A395AA100B9C6FB /* Project object */;
}
